github.com/PaulSonOfLars/gotgbot v1.0.0 h1:21iAWJHDm3kp2Lulkg9USpPmgPrVrNQAEUrQVVJb7q8=
github.com/PaulSonOfLars/gotgbot/v2 v2.0.0-rc.1 h1:TDob1M3ljHPSZQyPFOZ6ZjOfF4GoYtDA+lfTzd+8Yew=
github.com/PaulSonOfLars/gotgbot/v2 v2.0.0-rc.1/go.mod h1:r815fYWTudnU9JhtsJAxUtuV7QrSgKpChJkfTSMFpfg=
github.com/go-telegram-bot-api/telegram-bot-api v1.0.0 h1:HXVtsZ+yINQeyyhPFAUU4yKmeN+iFhJ87jXZOC016gs=
github.com/go-telegram-bot-api/telegram-bot-api v4.6.4+incompatible h1:2cauKuaELYAEARXRkq2LrJ0yDDv1rW7+wrTEdVL3uaU=
github.com/go-telegram-bot-api/telegram-bot-api v4.6.4+incompatible/go.mod h1:qf9acutJ8cwBUhm1bqgz6Bei9/C/c93FPDljKWwsOgM=
github.com/technoweenie/multipartstreamer v1.0.1 h1:XRztA5MXiR1TIRHxH2uNxXxaIkKQDeX7m2XsSOlQEnM=
github.com/technoweenie/multipartstreamer v1.0.1/go.mod h1:jNVxdtShOxzAsukZwTSw6MDx5eUJoiEBsSvzDU9uzog=
